// !$*UTF8*$!
{
	archiveVersion = 1;
	classes = {
	};
	objectVersion = 46;
	objects = {

/* Begin PBXBuildFile section */
		5C2A4A941E655106009BF637 /* MaskImage.swift in Sources */ = {isa = PBXBuildFile; fileRef = 5C2A4A931E655106009BF637 /* MaskImage.swift */; };
		5C66F8451E645AAD004D9072 /* AppDelegate.swift in Sources */ = {isa = PBXBuildFile; fileRef = 5C66F8441E645AAD004D9072 /* AppDelegate.swift */; };
		5C66F8471E645AAD004D9072 /* ViewController.swift in Sources */ = {isa = PBXBuildFile; fileRef = 5C66F8461E645AAD004D9072 /* ViewController.swift */; };
		5C66F84A1E645AAD004D9072 /* Main.storyboard in Resources */ = {isa = PBXBuildFile; fileRef = 5C66F8481E645AAD004D9072 /* Main.storyboard */; };
		5C66F84C1E645AAE004D9072 /* Assets.xcassets in Resources */ = {isa = PBXBuildFile; fileRef = 5C66F84B1E645AAE004D9072 /* Assets.xcassets */; };
		5C66F84F1E645AAE004D9072 /* LaunchScreen.storyboard in Resources */ = {isa = PBXBuildFile; fileRef = 5C66F84D1E645AAE004D9072 /* LaunchScreen.storyboard */; };
/* End PBXBuildFile section */

/* Begin PBXFileReference section */
		5C2A4A931E655106009BF637 /* MaskImage.swift */ = {isa = PBXFileReference; fileEncoding = 4; lastKnownFileType = sourcecode.swift; path = MaskImage.swift; sourceTree = "<group>"; };
		5C66F8411E645AAD004D9072 /* PhotoMaskingDemo.app */ = {isa = PBXFileReference; explicitFileType = wrapper.application; includeInIndex = 0; path = PhotoMaskingDemo.app; sourceTree = BUILT_PRODUCTS_DIR; };
		5C66F8441E645AAD004D9072 /* AppDelegate.swift */ = {isa = PBXFileReference; lastKnownFileType = sourcecode.swift; path = AppDelegate.swift; sourceTree = "<group>"; };
		5C66F8461E645AAD004D9072 /* ViewController.swift */ = {isa = PBXFileReference; lastKnownFileType = sourcecode.swift; path = ViewController.swift; sourceTree = "<group>"; };
		5C66F8491E645AAD004D9072 /* Base */ = {isa = PBXFileReference; lastKnownFileType = file.storyboard; name = Base; path = Base.lproj/Main.storyboard; sourceTree = "<group>"; };
		5C66F84B1E645AAE004D9072 /* Assets.xcassets */ = {isa = PBXFileReference; lastKnownFileType = folder.assetcatalog; path = Assets.xcassets; sourceTree = "<group>"; };
		5C66F84E1E645AAE004D9072 /* Base */ = {isa = PBXFileReference; lastKnownFileType = file.storyboard; name = Base; path = Base.lproj/LaunchScreen.storyboard; sourceTree = "<group>"; };
		5C66F8501E645AAE004D9072 /* Info.plist */ = {isa = PBXFileReference; lastKnownFileType = text.plist.xml; path = Info.plist; sourceTree = "<group>"; };
/* End PBXFileReference section */

/* Begin PBXFrameworksBuildPhase section */
		5C66F83E1E645AAD004D9072 /* Frameworks */ = {
			isa = PBXFrameworksBuildPhase;
			buildActionMask = 2147483647;
			files = (
			);
			runOnlyForDeploymentPostprocessing = 0;
		};
/* End PBXFrameworksBuildPhase section */

/* Begin PBXGroup section */
		5C66F8381E645AAD004D9072 = {
			isa = PBXGroup;
			children = (
				5C66F8431E645AAD004D9072 /* PhotoMaskingDemo */,
				5C66F8421E645AAD004D9072 /* Products */,
			);
			sourceTree = "<group>";
		};
		5C66F8421E645AAD004D9072 /* Products */ = {
			isa = PBXGroup;
			children = (
				5C66F8411E645AAD004D9072 /* PhotoMaskingDemo.app */,
			);
			name = Products;
			sourceTree = "<group>";
		};
		5C66F8431E645AAD004D9072 /* PhotoMaskingDemo */ = {
			isa = PBXGroup;
			children = (
				5C66F8441E645AAD004D9072 /* AppDelegate.swift */,
				5C66F8461E645AAD004D9072 /* ViewController.swift */,
				5C2A4A931E655106009BF637 /* MaskImage.swift */,
				5C66F8481E645AAD004D9072 /* Main.storyboard */,
				5C66F84B1E645AAE004D9072 /* Assets.xcassets */,
				5C66F84D1E645AAE004D9072 /* LaunchScreen.storyboard */,
				5C66F8501E645AAE004D9072 /* Info.plist */,
			);
			path = PhotoMaskingDemo;
			sourceTree = "<group>";
		};
/* End PBXGroup section */

/* Begin PBXNativeTarget section */
		5C66F8401E645AAD004D9072 /* PhotoMaskingDemo */ = {
			isa = PBXNativeTarget;
			buildConfigurationList = 5C66F8531E645AAE004D9072 /* Build configuration list for PBXNativeTarget "PhotoMaskingDemo" */;
			buildPhases = (
				5C66F83D1E645AAD004D9072 /* Sources */,
				5C66F83E1E645AAD004D9072 /* Frameworks */,
				5C66F83F1E645AAD004D9072 /* Resources */,
			);
			buildRules = (
			);
			dependencies = (
			);
			name = PhotoMaskingDemo;
			productName = PhotoMaskingDemo;
			productReference = 5C66F8411E645AAD004D9072 /* PhotoMaskingDemo.app */;
			productType = "com.apple.product-type.application";
		};
/* End PBXNativeTarget section */

/* Begin PBXProject section */
		5C66F8391E645AAD004D9072 /* Project object */ = {
			isa = PBXProject;
			attributes = {
				LastSwiftUpdateCheck = 0730;
				LastUpgradeCheck = 0730;
				ORGANIZATIONNAME = "Jignesh Parekh";
				TargetAttributes = {
					5C66F8401E645AAD004D9072 = {
						CreatedOnToolsVersion = 7.3;
					};
				};
			};
			buildConfigurationList = 5C66F83C1E645AAD004D9072 /* Build configuration list for PBXProject "PhotoMaskingDemo" */;
			compatibilityVersion = "Xcode 3.2";
			developmentRegion = English;
			hasScannedForEncodings = 0;
			knownRegions = (
				en,
				Base,
			);
			mainGroup = 5C66F8381E645AAD004D9072;
			productRefGroup = 5C66F8421E645AAD004D9072 /* Products */;
			projectDirPath = "";
			projectRoot = "";
			targets = (
				5C66F8401E645AAD004D9072 /* PhotoMaskingDemo */,
			);
		};
/* End PBXProject section */

/* Begin PBXResourcesBuildPhase section */
		5C66F83F1E645AAD004D9072 /* Resources */ = {
			isa = PBXResourcesBuildPhase;
			buildActionMask = 2147483647;
			files = (
				5C66F84F1E645AAE004D9072 /* LaunchScreen.storyboard in Resources */,
				5C66F84C1E645AAE004D9072 /* Assets.xcassets in Resources */,
				5C66F84A1E645AAD004D9072 /* Main.storyboard in Resources */,
			);
			runOnlyForDeploymentPostprocessing = 0;
		};
/* End PBXResourcesBuildPhase section */

/* Begin PBXSourcesBuildPhase section */
		5C66F83D1E645AAD004D9072 /* Sources */ = {
			isa = PBXSourcesBuildPhase;
			buildActionMask = 2147483647;
			files = (
				5C2A4A941E655106009BF637 /* MaskImage.swift in Sources */,
				5C66F8471E645AAD004D9072 /* ViewController.swift in Sources */,
				5C66F8451E645AAD004D9072 /* AppDelegate.swift in Sources */,
			);
			runOnlyForDeploymentPostprocessing = 0;
		};
/* End PBXSourcesBuildPhase section */

/* Begin PBXVariantGroup section */
		5C66F8481E645AAD004D9072 /* Main.storyboard */ = {
			isa = PBXVariantGroup;
			children = (
				5C66F8491E645AAD004D9072 /* Base */,
			);
			name = Main.storyboard;
			sourceTree = "<group>";
		};
		5C66F84D1E645AAE004D9072 /* LaunchScreen.storyboard */ = {
			isa = PBXVariantGroup;
			children = (
				5C66F84E1E645AAE004D9072 /* Base */,
			);
			name = LaunchScreen.storyboard;
			sourceTree = "<group>";
		};
/* End PBXVariantGroup section */

/* Begin XCBuildConfiguration section */
		5C66F8511E645AAE004D9072 /* Debug */ = {
			isa = XCBuildConfiguration;
			buildSettings = {
				ALWAYS_SEARCH_USER_PATHS = NO;
				CLANG_ANALYZER_NONNULL = YES;
				CLANG_CXX_LANGUAGE_STANDARD = "gnu++0x";
				CLANG_CXX_LIBRARY = "libc++";
				CLANG_ENABLE_MODULES = YES;
				CLANG_ENABLE_OBJC_ARC = YES;
				CLANG_WARN_BOOL_CONVERSION = YES;
				CLANG_WARN_CONSTANT_CONVERSION = YES;
				CLANG_WARN_DIRECT_OBJC_ISA_USAGE = YES_ERROR;
				CLANG_WARN_EMPTY_BODY = YES;
				CLANG_WARN_ENUM_CONVERSION = YES;
				CLANG_WARN_INT_CONVERSION = YES;
				CLANG_WARN_OBJC_ROOT_CLASS = YES_ERROR;
				CLANG_WARN_UNREACHABLE_CODE = YES;
				CLANG_WARN__DUPLICATE_METHOD_MATCH = YES;
				"CODE_SIGN_IDENTITY[sdk=iphoneos*]" = "iPhone Developer";
				COPY_PHASE_STRIP = NO;
				DEBUG_INFORMATION_FORMAT = dwarf;
				ENABLE_STRICT_OBJC_MSGSEND = YES;
				ENABLE_TESTABILITY = YES;
				GCC_C_LANGUAGE_STANDARD = gnu99;
				GCC_DYNAMIC_NO_PIC = NO;
				GCC_NO_COMMON_BLOCKS = YES;
				GCC_OPTIMIZATION_LEVEL = 0;
				GCC_PREPROCESSOR_DEFINITIONS = (
					"DEBUG=1",
					"$(inherited)",
				);
				GCC_WARN_64_TO_32_BIT_CONVERSION = YES;
				GCC_WARN_ABOUT_RETURN_TYPE = YES_ERROR;
				GCC_WARN_UNDECLARED_SELECTOR = YES;
				GCC_WARN_UNINITIALIZED_AUTOS = YES_AGGRESSIVE;
				GCC_WARN_UNUSED_FUNCTION = YES;
				GCC_WARN_UNUSED_VARIABLE = YES;
				IPHONEOS_DEPLOYMENT_TARGET = 9.3;
				MTL_ENABLE_DEBUG_INFO = YES;
				ONLY_ACTIVE_ARCH = YES;
				SDKROOT = iphoneos;
				SWIFT_OPTIMIZATION_LEVEL = "-Onone";
				TARGETED_DEVICE_FAMILY = "1,2";
			};
			name = Debug;
		};
		5C66F8521E645AAE004D9072 /* Release */ = {
			isa = XCBuildConfiguration;
			buildSettings = {
				ALWAYS_SEARCH_USER_PATHS = NO;
				CLANG_ANALYZER_NONNULL = YES;
				CLANG_CXX_LANGUAGE_STANDARD = "gnu++0x";
				CLANG_CXX_LIBRARY = "libc++";
				CLANG_ENABLE_MODULES = YES;
				CLANG_ENABLE_OBJC_ARC = YES;
				CLANG_WARN_BOOL_CONVERSION = YES;
				CLANG_WARN_CONSTANT_CONVERSION = YES;
				CLANG_WARN_DIRECT_OBJC_ISA_USAGE = YES_ERROR;
				CLANG_WARN_EMPTY_BODY = YES;
				CLANG_WARN_ENUM_CONVERSION = YES;
				CLANG_WARN_INT_CONVERSION = YES;
				CLANG_WARN_OBJC_ROOT_CLASS = YES_ERROR;
				CLANG_WARN_UNREACHABLE_CODE = YES;
				CLANG_WARN__DUPLICATE_METHOD_MATCH = YES;
				"CODE_SIGN_IDENTITY[sdk=iphoneos*]" = "iPhone Developer";
				COPY_PHASE_STRIP = NO;
				DEBUG_INFORMATION_FORMAT = "dwarf-with-dsym";
				ENABLE_NS_ASSERTIONS = NO;
				ENABLE_STRICT_OBJC_MSGSEND = YES;
				GCC_C_LANGUAGE_STANDARD = gnu99;
				GCC_NO_COMMON_BLOCKS = YES;
				GCC_WARN_64_TO_32_BIT_CONVERSION = YES;
				GCC_WARN_ABOUT_RETURN_TYPE = YES_ERROR;
				GCC_WARN_UNDECLARED_SELECTOR = YES;
				GCC_WARN_UNINITIALIZED_AUTOS = YES_AGGRESSIVE;
				GCC_WARN_UNUSED_FUNCTION = YES;
				GCC_WARN_UNUSED_VARIABLE = YES;
				IPHONEOS_DEPLOYMENT_TARGET = 9.3;
				MTL_ENABLE_DEBUG_INFO = NO;
				SDKROOT = iphoneos;
				TARGETED_DEVICE_FAMILY = "1,2";
				VALIDATE_PRODUCT = YES;
			};
			name = Release;
		};
		5C66F8541E645AAE004D9072 /* Debug */ = {
			isa = XCBuildConfiguration;
			buildSettings = {
				ASSETCATALOG_COMPILER_APPICON_NAME = AppIcon;
				INFOPLIST_FILE = PhotoMaskingDemo/Info.plist;
				LD_RUNPATH_SEARCH_PATHS = "$(inherited) @executable_path/Frameworks";
				PRODUCT_BUNDLE_IDENTIFIER = com.Jigs.PhotoMaskingDemo;
				PRODUCT_NAME = "$(TARGET_NAME)";
			};
			name = Debug;
		};
		5C66F8551E645AAE004D9072 /* Release */ = {
			isa = XCBuildConfiguration;
			buildSettings = {
				ASSETCATALOG_COMPILER_APPICON_NAME = AppIcon;
				INFOPLIST_FILE = PhotoMaskingDemo/Info.plist;
				LD_RUNPATH_SEARCH_PATHS = "$(inherited) @executable_path/Frameworks";
				PRODUCT_BUNDLE_IDENTIFIER = com.Jigs.PhotoMaskingDemo;
				PRODUCT_NAME = "$(TARGET_NAME)";
			};
			name = Release;
		};
/* End XCBuildConfiguration section */

/* Begin XCConfigurationList section */
		5C66F83C1E645AAD004D9072 /* Build configuration list for PBXProject "PhotoMaskingDemo" */ = {
			isa = XCConfigurationList;
			buildConfigurations = (
				5C66F8511E645AAE004D9072 /* Debug */,
				5C66F8521E645AAE004D9072 /* Release */,
			);
			defaultConfigurationIsVisible = 0;
			defaultConfigurationName = Release;
		};
		5C66F8531E645AAE004D9072 /* Build configuration list for PBXNativeTarget "PhotoMaskingDemo" */ = {
			isa = XCConfigurationList;
			buildConfigurations = (
				5C66F8541E645AAE004D9072 /* Debug */,
				5C66F8551E645AAE004D9072 /* Release */,
			);
			defaultConfigurationIsVisible = 0;
			defaultConfigurationName = Release;
		};
/* End XCConfigurationList section */
	};
	rootObject = 5C66F8391E645AAD004D9072 /* Project object */;
}
